// !$*UTF8*$!
{
	archiveVersion = 1;
	classes = {
	};
	objectVersion = 46;
	objects = {

/* Begin PBXBuildFile section */
		1A8AC5133EB0221D232F4DA0 /* Pods_TailSwift.framework in Frameworks */ = {isa = PBXBuildFile; fileRef = 671147D8ABAA8DD3FE176874 /* Pods_TailSwift.framework */; };
		A921C4251EC7443E003A398B /* Home-50.png in Resources */ = {isa = PBXBuildFile; fileRef = A921C4221EC7443E003A398B /* Home-50.png */; };
		A921C4261EC7443E003A398B /* Literature-50.png in Resources */ = {isa = PBXBuildFile; fileRef = A921C4231EC7443E003A398B /* Literature-50.png */; };
		A921C4271EC7443E003A398B /* Settings-50.png in Resources */ = {isa = PBXBuildFile; fileRef = A921C4241EC7443E003A398B /* Settings-50.png */; };
		A921C4291EC74453003A398B /* GoogleService-Info.plist in Resources */ = {isa = PBXBuildFile; fileRef = A921C4281EC74453003A398B /* GoogleService-Info.plist */; };
		A97BD8981EC168D8003C561A /* AppDelegate.swift in Sources */ = {isa = PBXBuildFile; fileRef = A97BD8971EC168D8003C561A /* AppDelegate.swift */; };
		A97BD89A1EC168D8003C561A /* ViewController.swift in Sources */ = {isa = PBXBuildFile; fileRef = A97BD8991EC168D8003C561A /* ViewController.swift */; };
		A97BD89D1EC168D8003C561A /* Main.storyboard in Resources */ = {isa = PBXBuildFile; fileRef = A97BD89B1EC168D8003C561A /* Main.storyboard */; };
		A97BD89F1EC168D8003C561A /* Assets.xcassets in Resources */ = {isa = PBXBuildFile; fileRef = A97BD89E1EC168D8003C561A /* Assets.xcassets */; };
		A97BD8A21EC168D8003C561A /* LaunchScreen.storyboard in Resources */ = {isa = PBXBuildFile; fileRef = A97BD8A01EC168D8003C561A /* LaunchScreen.storyboard */; };
		A97BD8AD1EC16AD6003C561A /* back_btn.png in Resources */ = {isa = PBXBuildFile; fileRef = A97BD8AC1EC16AD6003C561A /* back_btn.png */; };
		A97BD8C31EC16AF7003C561A /* back_btn.png in Resources */ = {isa = PBXBuildFile; fileRef = A97BD8AE1EC16AF7003C561A /* back_btn.png */; };
		A97BD8C41EC16AF7003C561A /* big_fox_img.png in Resources */ = {isa = PBXBuildFile; fileRef = A97BD8AF1EC16AF7003C561A /* big_fox_img.png */; };
		A97BD8C51EC16AF7003C561A /* check_btn.png in Resources */ = {isa = PBXBuildFile; fileRef = A97BD8B01EC16AF7003C561A /* check_btn.png */; };
		A97BD8C61EC16AF7003C561A /* cryingfox_img.png in Resources */ = {isa = PBXBuildFile; fileRef = A97BD8B11EC16AF7003C561A /* cryingfox_img.png */; };
		A97BD8C71EC16AF7003C561A /* delete_btn.png in Resources */ = {isa = PBXBuildFile; fileRef = A97BD8B21EC16AF7003C561A /* delete_btn.png */; };
		A97BD8C81EC16AF7003C561A /* fox_big_profile.png in Resources */ = {isa = PBXBuildFile; fileRef = A97BD8B31EC16AF7003C561A /* fox_big_profile.png */; };
		A97BD8C91EC16AF7003C561A /* fox_small_profile.png in Resources */ = {isa = PBXBuildFile; fileRef = A97BD8B41EC16AF7003C561A /* fox_small_profile.png */; };
		A97BD8CA1EC16AF7003C561A /* main_bg_img.png in Resources */ = {isa = PBXBuildFile; fileRef = A97BD8B51EC16AF7003C561A /* main_bg_img.png */; };
		A97BD8CB1EC16AF7003C561A /* menu_btn.png in Resources */ = {isa = PBXBuildFile; fileRef = A97BD8B61EC16AF7003C561A /* menu_btn.png */; };
		A97BD8CC1EC16AF7003C561A /* modify_btn.png in Resources */ = {isa = PBXBuildFile; fileRef = A97BD8B71EC16AF7003C561A /* modify_btn.png */; };
		A97BD8CD1EC16AF7003C561A /* more_img.9.png in Resources */ = {isa = PBXBuildFile; fileRef = A97BD8B81EC16AF7003C561A /* more_img.9.png */; };
		A97BD8CE1EC16AF7003C561A /* setting_bg_img.png in Resources */ = {isa = PBXBuildFile; fileRef = A97BD8B91EC16AF7003C561A /* setting_bg_img.png */; };
		A97BD8CF1EC16AF7003C561A /* speech_bubble_edit.9.png in Resources */ = {isa = PBXBuildFile; fileRef = A97BD8BA1EC16AF7003C561A /* speech_bubble_edit.9.png */; };
		A97BD8D01EC16AF7003C561A /* speech_bubble_img.9.png in Resources */ = {isa = PBXBuildFile; fileRef = A97BD8BB1EC16AF7003C561A /* speech_bubble_img.9.png */; };
		A97BD8D11EC16AF7003C561A /* speech_bubble_img2.9.png in Resources */ = {isa = PBXBuildFile; fileRef = A97BD8BC1EC16AF7003C561A /* speech_bubble_img2.9.png */; };
		A97BD8D21EC16AF7003C561A /* speech_bubble_test2.png in Resources */ = {isa = PBXBuildFile; fileRef = A97BD8BD1EC16AF7003C561A /* speech_bubble_test2.png */; };
		A97BD8D31EC16AF7003C561A /* speech_bubble_test3.9.png in Resources */ = {isa = PBXBuildFile; fileRef = A97BD8BE1EC16AF7003C561A /* speech_bubble_test3.9.png */; };
		A97BD8D41EC16AF7003C561A /* splash_bg_img.png in Resources */ = {isa = PBXBuildFile; fileRef = A97BD8BF1EC16AF7003C561A /* splash_bg_img.png */; };
		A97BD8D51EC16AF7003C561A /* star_gray_img.png in Resources */ = {isa = PBXBuildFile; fileRef = A97BD8C01EC16AF7003C561A /* star_gray_img.png */; };
		A97BD8D61EC16AF7003C561A /* tail_img.png in Resources */ = {isa = PBXBuildFile; fileRef = A97BD8C11EC16AF7003C561A /* tail_img.png */; };
		A97BD8D71EC16AF7003C561A /* write_btn.png in Resources */ = {isa = PBXBuildFile; fileRef = A97BD8C21EC16AF7003C561A /* write_btn.png */; };
		A97BD8DA1EC1EF28003C561A /* WriteViewController.swift in Sources */ = {isa = PBXBuildFile; fileRef = A97BD8D91EC1EF28003C561A /* WriteViewController.swift */; };
		A9D474C91EDA7FD90082EA94 /* question.swift in Sources */ = {isa = PBXBuildFile; fileRef = A9D474C81EDA7FD90082EA94 /* question.swift */; };
		A9D474CB1EDAA7F70082EA94 /* answer.swift in Sources */ = {isa = PBXBuildFile; fileRef = A9D474CA1EDAA7F70082EA94 /* answer.swift */; };
		A9D474D91EDC28E00082EA94 /* speech_bubble_test9.png in Resources */ = {isa = PBXBuildFile; fileRef = A9D474D81EDC28E00082EA94 /* speech_bubble_test9.png */; };
		A9D474DE1EDC4B240082EA94 /* MotiViewController.swift in Sources */ = {isa = PBXBuildFile; fileRef = A9D474DD1EDC4B240082EA94 /* MotiViewController.swift */; };
		A9E1C70F1ED947AE008E8E72 /* popup_fox_img.png in Resources */ = {isa = PBXBuildFile; fileRef = A9E1C70D1ED947AE008E8E72 /* popup_fox_img.png */; };
		A9E1C7101ED947AE008E8E72 /* popup_off_btn.png in Resources */ = {isa = PBXBuildFile; fileRef = A9E1C70E1ED947AE008E8E72 /* popup_off_btn.png */; };
		A9E1C7151ED95211008E8E72 /* PopUpViewController.swift in Sources */ = {isa = PBXBuildFile; fileRef = A9E1C7141ED95211008E8E72 /* PopUpViewController.swift */; };
		A9E1C7181ED98A1D008E8E72 /* SignUpViewController.swift in Sources */ = {isa = PBXBuildFile; fileRef = A9E1C7171ED98A1D008E8E72 /* SignUpViewController.swift */; };
		A9E1C71D1ED98A2A008E8E72 /* LoginViewController.swift in Sources */ = {isa = PBXBuildFile; fileRef = A9E1C71C1ED98A2A008E8E72 /* LoginViewController.swift */; };
		A9E1C71F1ED98A5F008E8E72 /* PreviewViewController.swift in Sources */ = {isa = PBXBuildFile; fileRef = A9E1C71E1ED98A5F008E8E72 /* PreviewViewController.swift */; };
		A9E1C7211ED98A6D008E8E72 /* SetUpViewController.swift in Sources */ = {isa = PBXBuildFile; fileRef = A9E1C7201ED98A6D008E8E72 /* SetUpViewController.swift */; };
		A9E1C7241ED9A6A1008E8E72 /* PreviewTableViewCell.swift in Sources */ = {isa = PBXBuildFile; fileRef = A9E1C7231ED9A6A1008E8E72 /* PreviewTableViewCell.swift */; };
		A9E1C7261ED9AFE5008E8E72 /* DetailViewController.swift in Sources */ = {isa = PBXBuildFile; fileRef = A9E1C7251ED9AFE5008E8E72 /* DetailViewController.swift */; };
/* End PBXBuildFile section */

/* Begin PBXContainerItemProxy section */
		A98DEBB71EC63CB4003EE868 /* PBXContainerItemProxy */ = {
			isa = PBXContainerItemProxy;
			containerPortal = A98DEBB11EC63CB4003EE868 /* Pods.xcodeproj */;
			proxyType = 2;
			remoteGlobalIDString = 92C95546BC3681D5E6927D31D39BAC15;
			remoteInfo = GoogleToolboxForMac;
		};
		A98DEBB91EC63CB4003EE868 /* PBXContainerItemProxy */ = {
			isa = PBXContainerItemProxy;
			containerPortal = A98DEBB11EC63CB4003EE868 /* Pods.xcodeproj */;
			proxyType = 2;
			remoteGlobalIDString = 97EAC16F4CE4C50042ECC9323B5D2DFF;
			remoteInfo = GTMSessionFetcher;
		};
		A98DEBBB1EC63CB4003EE868 /* PBXContainerItemProxy */ = {
			isa = PBXContainerItemProxy;
			containerPortal = A98DEBB11EC63CB4003EE868 /* Pods.xcodeproj */;
			proxyType = 2;
			remoteGlobalIDString = 332B319622A75C2192443886CA846812;
			remoteInfo = "Pods-TailSwift";
		};
/* End PBXContainerItemProxy section */

/* Begin PBXFileReference section */
		09E5B54242F8B42EE5C9CB6A /* Pods-TailSwift.release.xcconfig */ = {isa = PBXFileReference; includeInIndex = 1; lastKnownFileType = text.xcconfig; name = "Pods-TailSwift.release.xcconfig"; path = "Pods/Target Support Files/Pods-TailSwift/Pods-TailSwift.release.xcconfig"; sourceTree = "<group>"; };
		671147D8ABAA8DD3FE176874 /* Pods_TailSwift.framework */ = {isa = PBXFileReference; explicitFileType = wrapper.framework; includeInIndex = 0; path = Pods_TailSwift.framework; sourceTree = BUILT_PRODUCTS_DIR; };
		A4E99507C262F8DDF1D663D3 /* Pods-TailSwift.debug.xcconfig */ = {isa = PBXFileReference; includeInIndex = 1; lastKnownFileType = text.xcconfig; name = "Pods-TailSwift.debug.xcconfig"; path = "Pods/Target Support Files/Pods-TailSwift/Pods-TailSwift.debug.xcconfig"; sourceTree = "<group>"; };
		A921C4221EC7443E003A398B /* Home-50.png */ = {isa = PBXFileReference; lastKnownFileType = image.png; name = "Home-50.png"; path = "Assets.xcassets/Home-50.png"; sourceTree = "<group>"; };
		A921C4231EC7443E003A398B /* Literature-50.png */ = {isa = PBXFileReference; lastKnownFileType = image.png; name = "Literature-50.png"; path = "Assets.xcassets/Literature-50.png"; sourceTree = "<group>"; };
		A921C4241EC7443E003A398B /* Settings-50.png */ = {isa = PBXFileReference; lastKnownFileType = image.png; name = "Settings-50.png"; path = "Assets.xcassets/Settings-50.png"; sourceTree = "<group>"; };
		A921C4281EC74453003A398B /* GoogleService-Info.plist */ = {isa = PBXFileReference; fileEncoding = 4; lastKnownFileType = text.plist.xml; path = "GoogleService-Info.plist"; sourceTree = "<group>"; };
		A97BD8941EC168D8003C561A /* TailSwift.app */ = {isa = PBXFileReference; explicitFileType = wrapper.application; includeInIndex = 0; path = TailSwift.app; sourceTree = BUILT_PRODUCTS_DIR; };
		A97BD8971EC168D8003C561A /* AppDelegate.swift */ = {isa = PBXFileReference; lastKnownFileType = sourcecode.swift; path = AppDelegate.swift; sourceTree = "<group>"; };
		A97BD8991EC168D8003C561A /* ViewController.swift */ = {isa = PBXFileReference; lastKnownFileType = sourcecode.swift; path = ViewController.swift; sourceTree = "<group>"; };
		A97BD89C1EC168D8003C561A /* Base */ = {isa = PBXFileReference; lastKnownFileType = file.storyboard; name = Base; path = Base.lproj/Main.storyboard; sourceTree = "<group>"; };
		A97BD89E1EC168D8003C561A /* Assets.xcassets */ = {isa = PBXFileReference; lastKnownFileType = folder.assetcatalog; path = Assets.xcassets; sourceTree = "<group>"; };
		A97BD8A11EC168D8003C561A /* Base */ = {isa = PBXFileReference; lastKnownFileType = file.storyboard; name = Base; path = Base.lproj/LaunchScreen.storyboard; sourceTree = "<group>"; };
		A97BD8A31EC168D8003C561A /* Info.plist */ = {isa = PBXFileReference; lastKnownFileType = text.plist.xml; path = Info.plist; sourceTree = "<group>"; };
		A97BD8AC1EC16AD6003C561A /* back_btn.png */ = {isa = PBXFileReference; lastKnownFileType = image.png; name = back_btn.png; path = Assets.xcassets/back_btn.png; sourceTree = "<group>"; };
		A97BD8AE1EC16AF7003C561A /* back_btn.png */ = {isa = PBXFileReference; lastKnownFileType = image.png; name = back_btn.png; path = Assets.xcassets/back_btn.png; sourceTree = "<group>"; };
		A97BD8AF1EC16AF7003C561A /* big_fox_img.png */ = {isa = PBXFileReference; lastKnownFileType = image.png; name = big_fox_img.png; path = Assets.xcassets/big_fox_img.png; sourceTree = "<group>"; };
		A97BD8B01EC16AF7003C561A /* check_btn.png */ = {isa = PBXFileReference; lastKnownFileType = image.png; name = check_btn.png; path = Assets.xcassets/check_btn.png; sourceTree = "<group>"; };
		A97BD8B11EC16AF7003C561A /* cryingfox_img.png */ = {isa = PBXFileReference; lastKnownFileType = image.png; name = cryingfox_img.png; path = Assets.xcassets/cryingfox_img.png; sourceTree = "<group>"; };
		A97BD8B21EC16AF7003C561A /* delete_btn.png */ = {isa = PBXFileReference; lastKnownFileType = image.png; name = delete_btn.png; path = Assets.xcassets/delete_btn.png; sourceTree = "<group>"; };
		A97BD8B31EC16AF7003C561A /* fox_big_profile.png */ = {isa = PBXFileReference; lastKnownFileType = image.png; name = fox_big_profile.png; path = Assets.xcassets/fox_big_profile.png; sourceTree = "<group>"; };
		A97BD8B41EC16AF7003C561A /* fox_small_profile.png */ = {isa = PBXFileReference; lastKnownFileType = image.png; name = fox_small_profile.png; path = Assets.xcassets/fox_small_profile.png; sourceTree = "<group>"; };
		A97BD8B51EC16AF7003C561A /* main_bg_img.png */ = {isa = PBXFileReference; lastKnownFileType = image.png; name = main_bg_img.png; path = Assets.xcassets/main_bg_img.png; sourceTree = "<group>"; };
		A97BD8B61EC16AF7003C561A /* menu_btn.png */ = {isa = PBXFileReference; lastKnownFileType = image.png; name = menu_btn.png; path = Assets.xcassets/menu_btn.png; sourceTree = "<group>"; };
		A97BD8B71EC16AF7003C561A /* modify_btn.png */ = {isa = PBXFileReference; lastKnownFileType = image.png; name = modify_btn.png; path = Assets.xcassets/modify_btn.png; sourceTree = "<group>"; };
		A97BD8B81EC16AF7003C561A /* more_img.9.png */ = {isa = PBXFileReference; lastKnownFileType = image.png; name = more_img.9.png; path = Assets.xcassets/more_img.9.png; sourceTree = "<group>"; };
		A97BD8B91EC16AF7003C561A /* setting_bg_img.png */ = {isa = PBXFileReference; lastKnownFileType = image.png; name = setting_bg_img.png; path = Assets.xcassets/setting_bg_img.png; sourceTree = "<group>"; };
		A97BD8BA1EC16AF7003C561A /* speech_bubble_edit.9.png */ = {isa = PBXFileReference; lastKnownFileType = image.png; name = speech_bubble_edit.9.png; path = Assets.xcassets/speech_bubble_edit.9.png; sourceTree = "<group>"; };
		A97BD8BB1EC16AF7003C561A /* speech_bubble_img.9.png */ = {isa = PBXFileReference; lastKnownFileType = image.png; name = speech_bubble_img.9.png; path = Assets.xcassets/speech_bubble_img.9.png; sourceTree = "<group>"; };
		A97BD8BC1EC16AF7003C561A /* speech_bubble_img2.9.png */ = {isa = PBXFileReference; lastKnownFileType = image.png; name = speech_bubble_img2.9.png; path = Assets.xcassets/speech_bubble_img2.9.png; sourceTree = "<group>"; };
		A97BD8BD1EC16AF7003C561A /* speech_bubble_test2.png */ = {isa = PBXFileReference; lastKnownFileType = image.png; name = speech_bubble_test2.png; path = Assets.xcassets/speech_bubble_test2.png; sourceTree = "<group>"; };
		A97BD8BE1EC16AF7003C561A /* speech_bubble_test3.9.png */ = {isa = PBXFileReference; lastKnownFileType = image.png; name = speech_bubble_test3.9.png; path = Assets.xcassets/speech_bubble_test3.9.png; sourceTree = "<group>"; };
		A97BD8BF1EC16AF7003C561A /* splash_bg_img.png */ = {isa = PBXFileReference; lastKnownFileType = image.png; name = splash_bg_img.png; path = Assets.xcassets/splash_bg_img.png; sourceTree = "<group>"; };
		A97BD8C01EC16AF7003C561A /* star_gray_img.png */ = {isa = PBXFileReference; lastKnownFileType = image.png; name = star_gray_img.png; path = Assets.xcassets/star_gray_img.png; sourceTree = "<group>"; };
		A97BD8C11EC16AF7003C561A /* tail_img.png */ = {isa = PBXFileReference; lastKnownFileType = image.png; name = tail_img.png; path = Assets.xcassets/tail_img.png; sourceTree = "<group>"; };
		A97BD8C21EC16AF7003C561A /* write_btn.png */ = {isa = PBXFileReference; lastKnownFileType = image.png; name = write_btn.png; path = Assets.xcassets/write_btn.png; sourceTree = "<group>"; };
		A97BD8D91EC1EF28003C561A /* WriteViewController.swift */ = {isa = PBXFileReference; fileEncoding = 4; lastKnownFileType = sourcecode.swift; path = WriteViewController.swift; sourceTree = "<group>"; };
		A98DEBB11EC63CB4003EE868 /* Pods.xcodeproj */ = {isa = PBXFileReference; lastKnownFileType = "wrapper.pb-project"; name = Pods.xcodeproj; path = Pods/Pods.xcodeproj; sourceTree = "<group>"; };
		A9D474C81EDA7FD90082EA94 /* question.swift */ = {isa = PBXFileReference; fileEncoding = 4; lastKnownFileType = sourcecode.swift; path = question.swift; sourceTree = "<group>"; };
		A9D474CA1EDAA7F70082EA94 /* answer.swift */ = {isa = PBXFileReference; fileEncoding = 4; lastKnownFileType = sourcecode.swift; path = answer.swift; sourceTree = "<group>"; };
		A9D474D81EDC28E00082EA94 /* speech_bubble_test9.png */ = {isa = PBXFileReference; lastKnownFileType = image.png; name = speech_bubble_test9.png; path = Assets.xcassets/speech_bubble_test9.png; sourceTree = "<group>"; };
		A9D474DD1EDC4B240082EA94 /* MotiViewController.swift */ = {isa = PBXFileReference; fileEncoding = 4; lastKnownFileType = sourcecode.swift; path = MotiViewController.swift; sourceTree = "<group>"; };
		A9E1C70D1ED947AE008E8E72 /* popup_fox_img.png */ = {isa = PBXFileReference; lastKnownFileType = image.png; name = popup_fox_img.png; path = Assets.xcassets/popup_fox_img.png; sourceTree = "<group>"; };
		A9E1C70E1ED947AE008E8E72 /* popup_off_btn.png */ = {isa = PBXFileReference; lastKnownFileType = image.png; name = popup_off_btn.png; path = Assets.xcassets/popup_off_btn.png; sourceTree = "<group>"; };
		A9E1C7141ED95211008E8E72 /* PopUpViewController.swift */ = {isa = PBXFileReference; fileEncoding = 4; lastKnownFileType = sourcecode.swift; path = PopUpViewController.swift; sourceTree = "<group>"; };
		A9E1C7171ED98A1D008E8E72 /* SignUpViewController.swift */ = {isa = PBXFileReference; fileEncoding = 4; lastKnownFileType = sourcecode.swift; path = SignUpViewController.swift; sourceTree = "<group>"; };
		A9E1C71C1ED98A2A008E8E72 /* LoginViewController.swift */ = {isa = PBXFileReference; fileEncoding = 4; lastKnownFileType = sourcecode.swift; path = LoginViewController.swift; sourceTree = "<group>"; };
		A9E1C71E1ED98A5F008E8E72 /* PreviewViewController.swift */ = {isa = PBXFileReference; fileEncoding = 4; lastKnownFileType = sourcecode.swift; path = PreviewViewController.swift; sourceTree = "<group>"; };
		A9E1C7201ED98A6D008E8E72 /* SetUpViewController.swift */ = {isa = PBXFileReference; fileEncoding = 4; lastKnownFileType = sourcecode.swift; path = SetUpViewController.swift; sourceTree = "<group>"; };
		A9E1C7231ED9A6A1008E8E72 /* PreviewTableViewCell.swift */ = {isa = PBXFileReference; fileEncoding = 4; lastKnownFileType = sourcecode.swift; path = PreviewTableViewCell.swift; sourceTree = "<group>"; };
		A9E1C7251ED9AFE5008E8E72 /* DetailViewController.swift */ = {isa = PBXFileReference; fileEncoding = 4; lastKnownFileType = sourcecode.swift; path = DetailViewController.swift; sourceTree = "<group>"; };
/* End PBXFileReference section */

/* Begin PBXFrameworksBuildPhase section */
		A97BD8911EC168D8003C561A /* Frameworks */ = {
			isa = PBXFrameworksBuildPhase;
			buildActionMask = 2147483647;
			files = (
				1A8AC5133EB0221D232F4DA0 /* Pods_TailSwift.framework in Frameworks */,
			);
			runOnlyForDeploymentPostprocessing = 0;
		};
/* End PBXFrameworksBuildPhase section */

/* Begin PBXGroup section */
		232F0F86D91A8CBA52CF4122 /* Pods */ = {
			isa = PBXGroup;
			children = (
				A4E99507C262F8DDF1D663D3 /* Pods-TailSwift.debug.xcconfig */,
				09E5B54242F8B42EE5C9CB6A /* Pods-TailSwift.release.xcconfig */,
			);
			name = Pods;
			sourceTree = "<group>";
		};
		A97BD88B1EC168D8003C561A = {
			isa = PBXGroup;
			children = (
				A97BD8961EC168D8003C561A /* TailSwift */,
				A97BD8951EC168D8003C561A /* Products */,
				A98DEBB11EC63CB4003EE868 /* Pods.xcodeproj */,
				232F0F86D91A8CBA52CF4122 /* Pods */,
				CAF6451DD76072B5642EDF7A /* Frameworks */,
			);
			sourceTree = "<group>";
		};
		A97BD8951EC168D8003C561A /* Products */ = {
			isa = PBXGroup;
			children = (
				A97BD8941EC168D8003C561A /* TailSwift.app */,
			);
			name = Products;
			sourceTree = "<group>";
		};
		A97BD8961EC168D8003C561A /* TailSwift */ = {
			isa = PBXGroup;
			children = (
				A9D474C41EDA7FBD0082EA94 /* database */,
				A9E1C7221ED9A66D008E8E72 /* Cell */,
				A921C4281EC74453003A398B /* GoogleService-Info.plist */,
				A97BD8D81EC1EEFC003C561A /* Controller */,
				A97BD8AB1EC16A4D003C561A /* img */,
				A97BD8971EC168D8003C561A /* AppDelegate.swift */,
				A97BD89B1EC168D8003C561A /* Main.storyboard */,
				A97BD89E1EC168D8003C561A /* Assets.xcassets */,
				A97BD8A01EC168D8003C561A /* LaunchScreen.storyboard */,
				A97BD8A31EC168D8003C561A /* Info.plist */,
			);
			path = TailSwift;
			sourceTree = "<group>";
		};
		A97BD8AB1EC16A4D003C561A /* img */ = {
			isa = PBXGroup;
			children = (
				A9D474D81EDC28E00082EA94 /* speech_bubble_test9.png */,
				A9E1C70D1ED947AE008E8E72 /* popup_fox_img.png */,
				A9E1C70E1ED947AE008E8E72 /* popup_off_btn.png */,
				A921C4221EC7443E003A398B /* Home-50.png */,
				A921C4231EC7443E003A398B /* Literature-50.png */,
				A921C4241EC7443E003A398B /* Settings-50.png */,
				A97BD8AE1EC16AF7003C561A /* back_btn.png */,
				A97BD8AF1EC16AF7003C561A /* big_fox_img.png */,
				A97BD8B01EC16AF7003C561A /* check_btn.png */,
				A97BD8B11EC16AF7003C561A /* cryingfox_img.png */,
				A97BD8B21EC16AF7003C561A /* delete_btn.png */,
				A97BD8B31EC16AF7003C561A /* fox_big_profile.png */,
				A97BD8B41EC16AF7003C561A /* fox_small_profile.png */,
				A97BD8B51EC16AF7003C561A /* main_bg_img.png */,
				A97BD8B61EC16AF7003C561A /* menu_btn.png */,
				A97BD8B71EC16AF7003C561A /* modify_btn.png */,
				A97BD8B81EC16AF7003C561A /* more_img.9.png */,
				A97BD8B91EC16AF7003C561A /* setting_bg_img.png */,
				A97BD8BA1EC16AF7003C561A /* speech_bubble_edit.9.png */,
				A97BD8BB1EC16AF7003C561A /* speech_bubble_img.9.png */,
				A97BD8BC1EC16AF7003C561A /* speech_bubble_img2.9.png */,
				A97BD8BD1EC16AF7003C561A /* speech_bubble_test2.png */,
				A97BD8BE1EC16AF7003C561A /* speech_bubble_test3.9.png */,
				A97BD8BF1EC16AF7003C561A /* splash_bg_img.png */,
				A97BD8C01EC16AF7003C561A /* star_gray_img.png */,
				A97BD8C11EC16AF7003C561A /* tail_img.png */,
				A97BD8C21EC16AF7003C561A /* write_btn.png */,
				A97BD8AC1EC16AD6003C561A /* back_btn.png */,
			);
			name = img;
			sourceTree = "<group>";
		};
		A97BD8D81EC1EEFC003C561A /* Controller */ = {
			isa = PBXGroup;
			children = (
				A97BD8991EC168D8003C561A /* ViewController.swift */,
				A97BD8D91EC1EF28003C561A /* WriteViewController.swift */,
				A9E1C7141ED95211008E8E72 /* PopUpViewController.swift */,
				A9E1C7171ED98A1D008E8E72 /* SignUpViewController.swift */,
				A9E1C71C1ED98A2A008E8E72 /* LoginViewController.swift */,
				A9E1C71E1ED98A5F008E8E72 /* PreviewViewController.swift */,
				A9E1C7201ED98A6D008E8E72 /* SetUpViewController.swift */,
				A9E1C7251ED9AFE5008E8E72 /* DetailViewController.swift */,
				A9D474DD1EDC4B240082EA94 /* MotiViewController.swift */,
			);
			name = Controller;
			sourceTree = "<group>";
		};
		A98DEBB21EC63CB4003EE868 /* Products */ = {
			isa = PBXGroup;
			children = (
				A98DEBB81EC63CB4003EE868 /* GoogleToolboxForMac.framework */,
				A98DEBBA1EC63CB4003EE868 /* GTMSessionFetcher.framework */,
				A98DEBBC1EC63CB4003EE868 /* Pods_TailSwift.framework */,
			);
			name = Products;
			sourceTree = "<group>";
		};
		A9D474C41EDA7FBD0082EA94 /* database */ = {
			isa = PBXGroup;
			children = (
				A9D474C81EDA7FD90082EA94 /* question.swift */,
				A9D474CA1EDAA7F70082EA94 /* answer.swift */,
			);
			name = database;
			sourceTree = "<group>";
		};
		A9E1C7221ED9A66D008E8E72 /* Cell */ = {
			isa = PBXGroup;
			children = (
				A9E1C7231ED9A6A1008E8E72 /* PreviewTableViewCell.swift */,
			);
			name = Cell;
			sourceTree = "<group>";
		};
		CAF6451DD76072B5642EDF7A /* Frameworks */ = {
			isa = PBXGroup;
			children = (
				671147D8ABAA8DD3FE176874 /* Pods_TailSwift.framework */,
			);
			name = Frameworks;
			sourceTree = "<group>";
		};
/* End PBXGroup section */

/* Begin PBXNativeTarget section */
		A97BD8931EC168D8003C561A /* TailSwift */ = {
			isa = PBXNativeTarget;
			buildConfigurationList = A97BD8A61EC168D8003C561A /* Build configuration list for PBXNativeTarget "TailSwift" */;
			buildPhases = (
				091956C5C085F149EC26A459 /* [CP] Check Pods Manifest.lock */,
				A97BD8901EC168D8003C561A /* Sources */,
				A97BD8911EC168D8003C561A /* Frameworks */,
				A97BD8921EC168D8003C561A /* Resources */,
				9C102D0F0163B90C4D13033B /* [CP] Embed Pods Frameworks */,
				95ABCA1D3ACE9BCA243334EE /* [CP] Copy Pods Resources */,
			);
			buildRules = (
			);
			dependencies = (
			);
			name = TailSwift;
			productName = TailSwift;
			productReference = A97BD8941EC168D8003C561A /* TailSwift.app */;
			productType = "com.apple.product-type.application";
		};
/* End PBXNativeTarget section */

/* Begin PBXProject section */
		A97BD88C1EC168D8003C561A /* Project object */ = {
			isa = PBXProject;
			attributes = {
				LastSwiftUpdateCheck = 0830;
				LastUpgradeCheck = 0830;
				ORGANIZATIONNAME = momu;
				TargetAttributes = {
					A97BD8931EC168D8003C561A = {
						CreatedOnToolsVersion = 8.3.2;
						ProvisioningStyle = Automatic;
					};
				};
			};
			buildConfigurationList = A97BD88F1EC168D8003C561A /* Build configuration list for PBXProject "TailSwift" */;
			compatibilityVersion = "Xcode 3.2";
			developmentRegion = English;
			hasScannedForEncodings = 0;
			knownRegions = (
				en,
				Base,
			);
			mainGroup = A97BD88B1EC168D8003C561A;
			productRefGroup = A97BD8951EC168D8003C561A /* Products */;
			projectDirPath = "";
			projectReferences = (
				{
					ProductGroup = A98DEBB21EC63CB4003EE868 /* Products */;
					ProjectRef = A98DEBB11EC63CB4003EE868 /* Pods.xcodeproj */;
				},
			);
			projectRoot = "";
			targets = (
				A97BD8931EC168D8003C561A /* TailSwift */,
			);
		};
/* End PBXProject section */

/* Begin PBXReferenceProxy section */
		A98DEBB81EC63CB4003EE868 /* GoogleToolboxForMac.framework */ = {
			isa = PBXReferenceProxy;
			fileType = wrapper.framework;
			path = GoogleToolboxForMac.framework;
			remoteRef = A98DEBB71EC63CB4003EE868 /* PBXContainerItemProxy */;
			sourceTree = BUILT_PRODUCTS_DIR;
		};
		A98DEBBA1EC63CB4003EE868 /* GTMSessionFetcher.framework */ = {
			isa = PBXReferenceProxy;
			fileType = wrapper.framework;
			path = GTMSessionFetcher.framework;
			remoteRef = A98DEBB91EC63CB4003EE868 /* PBXContainerItemProxy */;
			sourceTree = BUILT_PRODUCTS_DIR;
		};
		A98DEBBC1EC63CB4003EE868 /* Pods_TailSwift.framework */ = {
			isa = PBXReferenceProxy;
			fileType = wrapper.framework;
			path = Pods_TailSwift.framework;
			remoteRef = A98DEBBB1EC63CB4003EE868 /* PBXContainerItemProxy */;
			sourceTree = BUILT_PRODUCTS_DIR;
		};
/* End PBXReferenceProxy section */

/* Begin PBXResourcesBuildPhase section */
		A97BD8921EC168D8003C561A /* Resources */ = {
			isa = PBXResourcesBuildPhase;
			buildActionMask = 2147483647;
			files = (
				A97BD8C81EC16AF7003C561A /* fox_big_profile.png in Resources */,
				A97BD8C91EC16AF7003C561A /* fox_small_profile.png in Resources */,
				A97BD8C51EC16AF7003C561A /* check_btn.png in Resources */,
				A97BD8D11EC16AF7003C561A /* speech_bubble_img2.9.png in Resources */,
				A921C4291EC74453003A398B /* GoogleService-Info.plist in Resources */,
				A9D474D91EDC28E00082EA94 /* speech_bubble_test9.png in Resources */,
				A97BD8CB1EC16AF7003C561A /* menu_btn.png in Resources */,
				A97BD8D61EC16AF7003C561A /* tail_img.png in Resources */,
				A97BD8C61EC16AF7003C561A /* cryingfox_img.png in Resources */,
				A97BD8A21EC168D8003C561A /* LaunchScreen.storyboard in Resources */,
				A97BD8D01EC16AF7003C561A /* speech_bubble_img.9.png in Resources */,
				A97BD8C71EC16AF7003C561A /* delete_btn.png in Resources */,
				A97BD8CE1EC16AF7003C561A /* setting_bg_img.png in Resources */,
				A97BD8D21EC16AF7003C561A /* speech_bubble_test2.png in Resources */,
				A9E1C7101ED947AE008E8E72 /* popup_off_btn.png in Resources */,
				A97BD89F1EC168D8003C561A /* Assets.xcassets in Resources */,
				A97BD8D71EC16AF7003C561A /* write_btn.png in Resources */,
				A97BD8D51EC16AF7003C561A /* star_gray_img.png in Resources */,
				A9E1C70F1ED947AE008E8E72 /* popup_fox_img.png in Resources */,
				A97BD8D31EC16AF7003C561A /* speech_bubble_test3.9.png in Resources */,
				A97BD8CA1EC16AF7003C561A /* main_bg_img.png in Resources */,
				A97BD8C41EC16AF7003C561A /* big_fox_img.png in Resources */,
				A97BD8CC1EC16AF7003C561A /* modify_btn.png in Resources */,
				A921C4251EC7443E003A398B /* Home-50.png in Resources */,
				A97BD8CD1EC16AF7003C561A /* more_img.9.png in Resources */,
				A921C4271EC7443E003A398B /* Settings-50.png in Resources */,
				A97BD8C31EC16AF7003C561A /* back_btn.png in Resources */,
				A921C4261EC7443E003A398B /* Literature-50.png in Resources */,
				A97BD89D1EC168D8003C561A /* Main.storyboard in Resources */,
				A97BD8AD1EC16AD6003C561A /* back_btn.png in Resources */,
				A97BD8CF1EC16AF7003C561A /* speech_bubble_edit.9.png in Resources */,
				A97BD8D41EC16AF7003C561A /* splash_bg_img.png in Resources */,
			);
			runOnlyForDeploymentPostprocessing = 0;
		};
/* End PBXResourcesBuildPhase section */

/* Begin PBXShellScriptBuildPhase section */
		091956C5C085F149EC26A459 /* [CP] Check Pods Manifest.lock */ = {
			isa = PBXShellScriptBuildPhase;
			buildActionMask = 2147483647;
			files = (
			);
			inputPaths = (
			);
			name = "[CP] Check Pods Manifest.lock";
			outputPaths = (
			);
			runOnlyForDeploymentPostprocessing = 0;
			shellPath = /bin/sh;
			shellScript = "diff \"${PODS_PODFILE_DIR_PATH}/Podfile.lock\" \"${PODS_ROOT}/Manifest.lock\" > /dev/null\nif [ $? != 0 ] ; then\n    # print error to STDERR\n    echo \"error: The sandbox is not in sync with the Podfile.lock. Run 'pod install' or update your CocoaPods installation.\" >&2\n    exit 1\nfi\n";
			showEnvVarsInLog = 0;
		};
		95ABCA1D3ACE9BCA243334EE /* [CP] Copy Pods Resources */ = {
			isa = PBXShellScriptBuildPhase;
			buildActionMask = 2147483647;
			files = (
			);
			inputPaths = (
			);
			name = "[CP] Copy Pods Resources";
			outputPaths = (
			);
			runOnlyForDeploymentPostprocessing = 0;
			shellPath = /bin/sh;
			shellScript = "\"${SRCROOT}/Pods/Target Support Files/Pods-TailSwift/Pods-TailSwift-resources.sh\"\n";
			showEnvVarsInLog = 0;
		};
		9C102D0F0163B90C4D13033B /* [CP] Embed Pods Frameworks */ = {
			isa = PBXShellScriptBuildPhase;
			buildActionMask = 2147483647;
			files = (
			);
			inputPaths = (
			);
			name = "[CP] Embed Pods Frameworks";
			outputPaths = (
			);
			runOnlyForDeploymentPostprocessing = 0;
			shellPath = /bin/sh;
			shellScript = "\"${SRCROOT}/Pods/Target Support Files/Pods-TailSwift/Pods-TailSwift-frameworks.sh\"\n";
			showEnvVarsInLog = 0;
		};
/* End PBXShellScriptBuildPhase section */

/* Begin PBXSourcesBuildPhase section */
		A97BD8901EC168D8003C561A /* Sources */ = {
			isa = PBXSourcesBuildPhase;
			buildActionMask = 2147483647;
			files = (
				A9D474C91EDA7FD90082EA94 /* question.swift in Sources */,
				A9E1C7241ED9A6A1008E8E72 /* PreviewTableViewCell.swift in Sources */,
				A9E1C71D1ED98A2A008E8E72 /* LoginViewController.swift in Sources */,
				A9D474DE1EDC4B240082EA94 /* MotiViewController.swift in Sources */,
				A9D474CB1EDAA7F70082EA94 /* answer.swift in Sources */,
				A97BD8DA1EC1EF28003C561A /* WriteViewController.swift in Sources */,
				A9E1C71F1ED98A5F008E8E72 /* PreviewViewController.swift in Sources */,
				A97BD89A1EC168D8003C561A /* ViewController.swift in Sources */,
				A9E1C7211ED98A6D008E8E72 /* SetUpViewController.swift in Sources */,
				A97BD8981EC168D8003C561A /* AppDelegate.swift in Sources */,
				A9E1C7261ED9AFE5008E8E72 /* DetailViewController.swift in Sources */,
				A9E1C7151ED95211008E8E72 /* PopUpViewController.swift in Sources */,
				A9E1C7181ED98A1D008E8E72 /* SignUpViewController.swift in Sources */,
			);
			runOnlyForDeploymentPostprocessing = 0;
		};
/* End PBXSourcesBuildPhase section */

/* Begin PBXVariantGroup section */
		A97BD89B1EC168D8003C561A /* Main.storyboard */ = {
			isa = PBXVariantGroup;
			children = (
				A97BD89C1EC168D8003C561A /* Base */,
			);
			name = Main.storyboard;
			sourceTree = "<group>";
		};
		A97BD8A01EC168D8003C561A /* LaunchScreen.storyboard */ = {
			isa = PBXVariantGroup;
			children = (
				A97BD8A11EC168D8003C561A /* Base */,
			);
			name = LaunchScreen.storyboard;
			sourceTree = "<group>";
		};
/* End PBXVariantGroup section */

/* Begin XCBuildConfiguration section */
		A97BD8A41EC168D8003C561A /* Debug */ = {
			isa = XCBuildConfiguration;
			buildSettings = {
				ALWAYS_SEARCH_USER_PATHS = NO;
				CLANG_ANALYZER_NONNULL = YES;
				CLANG_ANALYZER_NUMBER_OBJECT_CONVERSION = YES_AGGRESSIVE;
				CLANG_CXX_LANGUAGE_STANDARD = "gnu++0x";
				CLANG_CXX_LIBRARY = "libc++";
				CLANG_ENABLE_MODULES = YES;
				CLANG_ENABLE_OBJC_ARC = YES;
				CLANG_WARN_BOOL_CONVERSION = YES;
				CLANG_WARN_CONSTANT_CONVERSION = YES;
				CLANG_WARN_DIRECT_OBJC_ISA_USAGE = YES_ERROR;
				CLANG_WARN_DOCUMENTATION_COMMENTS = YES;
				CLANG_WARN_EMPTY_BODY = YES;
				CLANG_WARN_ENUM_CONVERSION = YES;
				CLANG_WARN_INFINITE_RECURSION = YES;
				CLANG_WARN_INT_CONVERSION = YES;
				CLANG_WARN_OBJC_ROOT_CLASS = YES_ERROR;
				CLANG_WARN_SUSPICIOUS_MOVE = YES;
				CLANG_WARN_UNREACHABLE_CODE = YES;
				CLANG_WARN__DUPLICATE_METHOD_MATCH = YES;
				"CODE_SIGN_IDENTITY[sdk=iphoneos*]" = "iPhone Developer";
				COPY_PHASE_STRIP = NO;
				DEBUG_INFORMATION_FORMAT = dwarf;
				ENABLE_STRICT_OBJC_MSGSEND = YES;
				ENABLE_TESTABILITY = YES;
				GCC_C_LANGUAGE_STANDARD = gnu99;
				GCC_DYNAMIC_NO_PIC = NO;
				GCC_NO_COMMON_BLOCKS = YES;
				GCC_OPTIMIZATION_LEVEL = 0;
				GCC_PREPROCESSOR_DEFINITIONS = (
					"DEBUG=1",
					"$(inherited)",
				);
				GCC_WARN_64_TO_32_BIT_CONVERSION = YES;
				GCC_WARN_ABOUT_RETURN_TYPE = YES_ERROR;
				GCC_WARN_UNDECLARED_SELECTOR = YES;
				GCC_WARN_UNINITIALIZED_AUTOS = YES_AGGRESSIVE;
				GCC_WARN_UNUSED_FUNCTION = YES;
				GCC_WARN_UNUSED_VARIABLE = YES;
				IPHONEOS_DEPLOYMENT_TARGET = 10.3;
				MTL_ENABLE_DEBUG_INFO = YES;
				ONLY_ACTIVE_ARCH = YES;
				SDKROOT = iphoneos;
				SWIFT_ACTIVE_COMPILATION_CONDITIONS = DEBUG;
				SWIFT_OPTIMIZATION_LEVEL = "-Onone";
				TARGETED_DEVICE_FAMILY = "1,2";
			};
			name = Debug;
		};
		A97BD8A51EC168D8003C561A /* Release */ = {
			isa = XCBuildConfiguration;
			buildSettings = {
				ALWAYS_SEARCH_USER_PATHS = NO;
				CLANG_ANALYZER_NONNULL = YES;
				CLANG_ANALYZER_NUMBER_OBJECT_CONVERSION = YES_AGGRESSIVE;
				CLANG_CXX_LANGUAGE_STANDARD = "gnu++0x";
				CLANG_CXX_LIBRARY = "libc++";
				CLANG_ENABLE_MODULES = YES;
				CLANG_ENABLE_OBJC_ARC = YES;
				CLANG_WARN_BOOL_CONVERSION = YES;
				CLANG_WARN_CONSTANT_CONVERSION = YES;
				CLANG_WARN_DIRECT_OBJC_ISA_USAGE = YES_ERROR;
				CLANG_WARN_DOCUMENTATION_COMMENTS = YES;
				CLANG_WARN_EMPTY_BODY = YES;
				CLANG_WARN_ENUM_CONVERSION = YES;
				CLANG_WARN_INFINITE_RECURSION = YES;
				CLANG_WARN_INT_CONVERSION = YES;
				CLANG_WARN_OBJC_ROOT_CLASS = YES_ERROR;
				CLANG_WARN_SUSPICIOUS_MOVE = YES;
				CLANG_WARN_UNREACHABLE_CODE = YES;
				CLANG_WARN__DUPLICATE_METHOD_MATCH = YES;
				"CODE_SIGN_IDENTITY[sdk=iphoneos*]" = "iPhone Developer";
				COPY_PHASE_STRIP = NO;
				DEBUG_INFORMATION_FORMAT = "dwarf-with-dsym";
				ENABLE_NS_ASSERTIONS = NO;
				ENABLE_STRICT_OBJC_MSGSEND = YES;
				GCC_C_LANGUAGE_STANDARD = gnu99;
				GCC_NO_COMMON_BLOCKS = YES;
				GCC_WARN_64_TO_32_BIT_CONVERSION = YES;
				GCC_WARN_ABOUT_RETURN_TYPE = YES_ERROR;
				GCC_WARN_UNDECLARED_SELECTOR = YES;
				GCC_WARN_UNINITIALIZED_AUTOS = YES_AGGRESSIVE;
				GCC_WARN_UNUSED_FUNCTION = YES;
				GCC_WARN_UNUSED_VARIABLE = YES;
				IPHONEOS_DEPLOYMENT_TARGET = 10.3;
				MTL_ENABLE_DEBUG_INFO = NO;
				SDKROOT = iphoneos;
				SWIFT_OPTIMIZATION_LEVEL = "-Owholemodule";
				TARGETED_DEVICE_FAMILY = "1,2";
				VALIDATE_PRODUCT = YES;
			};
			name = Release;
		};
		A97BD8A71EC168D8003C561A /* Debug */ = {
			isa = XCBuildConfiguration;
			baseConfigurationReference = A4E99507C262F8DDF1D663D3 /* Pods-TailSwift.debug.xcconfig */;
			buildSettings = {
				ASSETCATALOG_COMPILER_APPICON_NAME = AppIcon;
				INFOPLIST_FILE = TailSwift/Info.plist;
				LD_RUNPATH_SEARCH_PATHS = "$(inherited) @executable_path/Frameworks";
				PRODUCT_BUNDLE_IDENTIFIER = com.momu.TailSwift;
				PRODUCT_NAME = "$(TARGET_NAME)";
				SWIFT_VERSION = 3.0;
			};
			name = Debug;
		};
		A97BD8A81EC168D8003C561A /* Release */ = {
			isa = XCBuildConfiguration;
			baseConfigurationReference = 09E5B54242F8B42EE5C9CB6A /* Pods-TailSwift.release.xcconfig */;
			buildSettings = {
				ASSETCATALOG_COMPILER_APPICON_NAME = AppIcon;
				INFOPLIST_FILE = TailSwift/Info.plist;
				LD_RUNPATH_SEARCH_PATHS = "$(inherited) @executable_path/Frameworks";
				PRODUCT_BUNDLE_IDENTIFIER = com.momu.TailSwift;
				PRODUCT_NAME = "$(TARGET_NAME)";
				SWIFT_VERSION = 3.0;
			};
			name = Release;
		};
/* End XCBuildConfiguration section */

/* Begin XCConfigurationList section */
		A97BD88F1EC168D8003C561A /* Build configuration list for PBXProject "TailSwift" */ = {
			isa = XCConfigurationList;
			buildConfigurations = (
				A97BD8A41EC168D8003C561A /* Debug */,
				A97BD8A51EC168D8003C561A /* Release */,
			);
			defaultConfigurationIsVisible = 0;
			defaultConfigurationName = Release;
		};
		A97BD8A61EC168D8003C561A /* Build configuration list for PBXNativeTarget "TailSwift" */ = {
			isa = XCConfigurationList;
			buildConfigurations = (
				A97BD8A71EC168D8003C561A /* Debug */,
				A97BD8A81EC168D8003C561A /* Release */,
			);
			defaultConfigurationIsVisible = 0;
			defaultConfigurationName = Release;
		};
/* End XCConfigurationList section */
	};
	rootObject = A97BD88C1EC168D8003C561A /* Project object */;
}
